{
    "name": "HandTracking",
    "version": "1.0.0",
    "lockfileVersion": 2,
    "requires": true,
    "packages": {
        "": {
            "name": "HandTracking",
            "version": "1.0.0",
            "dependencies": {
                "@wonderlandengine/api": "^1.0.0",
                "@wonderlandengine/components": "^1.0.1",
                "gl-matrix": "^3.4.3"
            }
        },
        "node_modules/@types/earcut": {
            "version": "2.1.1",
            "resolved": "https://registry.npmjs.org/@types/earcut/-/earcut-2.1.1.tgz",
            "integrity": "sha512-w8oigUCDjElRHRRrMvn/spybSMyX8MTkKA5Dv+tS1IE/TgmNZPqUYtvYBXGY8cieSE66gm+szeK+bnbxC2xHTQ=="
        },
        "node_modules/@types/webxr": {
            "version": "0.5.1",
            "resolved": "https://registry.npmjs.org/@types/webxr/-/webxr-0.5.1.tgz",
            "integrity": "sha512-xlFXPfgJR5vIuDefhaHuUM9uUgvPaXB6GKdXy2gdEh8gBWQZ2ul24AJz3foUd8NNKlSTQuWYJpCb1/pL81m1KQ=="
        },
        "node_modules/@wonderlandengine/api": {
            "version": "1.0.0",
            "resolved": "https://registry.npmjs.org/@wonderlandengine/api/-/api-1.0.0.tgz",
            "integrity": "sha512-aqjeIgNTa823quW/QYhrTlo6gRMgY9ZT1Q+Oh48K1AFzljb1eo6qb53h1989BKkTIZ5kFhKpltQRt/NBR88dxg==",
            "dependencies": {
                "@types/webxr": "^0.5.0",
                "wasm-feature-detect": "^1.3.0"
            }
        },
        "node_modules/@wonderlandengine/components": {
            "version": "1.0.1",
            "resolved": "https://registry.npmjs.org/@wonderlandengine/components/-/components-1.0.1.tgz",
            "integrity": "sha512-uQ6apnZWVCgUMLQb3e/CuKja3gtMepqJjaJFk5AEyZ5r7ZdvbBjK8isPhT9vysCXp71XZa4th9ofuffkmDngMg==",
            "dependencies": {
                "@types/earcut": "^2.1.1",
                "@types/webxr": "^0.5.0",
                "earcut": "^2.2.4",
                "gl-matrix": "^3.3.0",
                "howler": "^2.2.1"
            },
            "peerDependencies": {
                "@wonderlandengine/api": "^1.0.0"
            }
        },
        "node_modules/earcut": {
            "version": "2.2.4",
            "resolved": "https://registry.npmjs.org/earcut/-/earcut-2.2.4.tgz",
            "integrity": "sha512-/pjZsA1b4RPHbeWZQn66SWS8nZZWLQQ23oE3Eam7aroEFGEvwKAsJfZ9ytiEMycfzXWpca4FA9QIOehf7PocBQ=="
        },
        "node_modules/gl-matrix": {
            "version": "3.4.3",
            "resolved": "https://registry.npmjs.org/gl-matrix/-/gl-matrix-3.4.3.tgz",
            "integrity": "sha512-wcCp8vu8FT22BnvKVPjXa/ICBWRq/zjFfdofZy1WSpQZpphblv12/bOQLBC1rMM7SGOFS9ltVmKOHil5+Ml7gA=="
        },
        "node_modules/howler": {
            "version": "2.2.3",
            "resolved": "https://registry.npmjs.org/howler/-/howler-2.2.3.tgz",
            "integrity": "sha512-QM0FFkw0LRX1PR8pNzJVAY25JhIWvbKMBFM4gqk+QdV+kPXOhleWGCB6AiAF/goGjIHK2e/nIElplvjQwhr0jg=="
        },
        "node_modules/wasm-feature-detect": {
            "version": "1.5.1",
            "resolved": "https://registry.npmjs.org/wasm-feature-detect/-/wasm-feature-detect-1.5.1.tgz",
            "integrity": "sha512-GHr23qmuehNXHY4902/hJ6EV5sUANIJC3R/yMfQ7hWDg3nfhlcJfnIL96R2ohpIwa62araN6aN4bLzzzq5GXkg=="
        }
    },
    "dependencies": {
        "@types/earcut": {
            "version": "2.1.1",
            "resolved": "https://registry.npmjs.org/@types/earcut/-/earcut-2.1.1.tgz",
            "integrity": "sha512-w8oigUCDjElRHRRrMvn/spybSMyX8MTkKA5Dv+tS1IE/TgmNZPqUYtvYBXGY8cieSE66gm+szeK+bnbxC2xHTQ=="
        },
        "@types/webxr": {
            "version": "0.5.1",
            "resolved": "https://registry.npmjs.org/@types/webxr/-/webxr-0.5.1.tgz",
            "integrity": "sha512-xlFXPfgJR5vIuDefhaHuUM9uUgvPaXB6GKdXy2gdEh8gBWQZ2ul24AJz3foUd8NNKlSTQuWYJpCb1/pL81m1KQ=="
        },
        "@wonderlandengine/api": {
            "version": "1.0.0",
            "resolved": "https://registry.npmjs.org/@wonderlandengine/api/-/api-1.0.0.tgz",
            "integrity": "sha512-aqjeIgNTa823quW/QYhrTlo6gRMgY9ZT1Q+Oh48K1AFzljb1eo6qb53h1989BKkTIZ5kFhKpltQRt/NBR88dxg==",
            "requires": {
                "@types/webxr": "^0.5.0",
                "wasm-feature-detect": "^1.3.0"
            }
        },
        "@wonderlandengine/components": {
            "version": "1.0.1",
            "resolved": "https://registry.npmjs.org/@wonderlandengine/components/-/components-1.0.1.tgz",
            "integrity": "sha512-uQ6apnZWVCgUMLQb3e/CuKja3gtMepqJjaJFk5AEyZ5r7ZdvbBjK8isPhT9vysCXp71XZa4th9ofuffkmDngMg==",
            "requires": {
                "@types/earcut": "^2.1.1",
                "@types/webxr": "^0.5.0",
                "earcut": "^2.2.4",
                "gl-matrix": "^3.3.0",
                "howler": "^2.2.1"
            }
        },
        "earcut": {
            "version": "2.2.4",
            "resolved": "https://registry.npmjs.org/earcut/-/earcut-2.2.4.tgz",
            "integrity": "sha512-/pjZsA1b4RPHbeWZQn66SWS8nZZWLQQ23oE3Eam7aroEFGEvwKAsJfZ9ytiEMycfzXWpca4FA9QIOehf7PocBQ=="
        },
        "gl-matrix": {
            "version": "3.4.3",
            "resolved": "https://registry.npmjs.org/gl-matrix/-/gl-matrix-3.4.3.tgz",
            "integrity": "sha512-wcCp8vu8FT22BnvKVPjXa/ICBWRq/zjFfdofZy1WSpQZpphblv12/bOQLBC1rMM7SGOFS9ltVmKOHil5+Ml7gA=="
        },
        "howler": {
            "version": "2.2.3",
            "resolved": "https://registry.npmjs.org/howler/-/howler-2.2.3.tgz",
            "integrity": "sha512-QM0FFkw0LRX1PR8pNzJVAY25JhIWvbKMBFM4gqk+QdV+kPXOhleWGCB6AiAF/goGjIHK2e/nIElplvjQwhr0jg=="
        },
        "wasm-feature-detect": {
            "version": "1.5.1",
            "resolved": "https://registry.npmjs.org/wasm-feature-detect/-/wasm-feature-detect-1.5.1.tgz",
            "integrity": "sha512-GHr23qmuehNXHY4902/hJ6EV5sUANIJC3R/yMfQ7hWDg3nfhlcJfnIL96R2ohpIwa62araN6aN4bLzzzq5GXkg=="
        }
    }
}
