{
  "name": "MaterialPhysical.wlp",
  "version": "1.0.0",
  "lockfileVersion": 3,
  "requires": true,
  "packages": {
    "": {
      "name": "MaterialPhysical.wlp",
      "version": "1.0.0",
      "dependencies": {
        "@wonderlandengine/api": "^1.2.0",
        "@wonderlandengine/components": "^1.1.4",
        "gl-matrix": "^3.4.3"
      }
    },
    "node_modules/@types/earcut": {
      "version": "2.1.4",
      "license": "MIT"
    },
    "node_modules/@types/webxr": {
      "version": "0.5.15",
      "license": "MIT"
    },
    "node_modules/@wonderlandengine/api": {
      "version": "1.2.0",
      "resolved": "https://registry.npmjs.org/@wonderlandengine/api/-/api-1.2.0.tgz",
      "integrity": "sha512-lNWtJxj5vla/rJFnoVte2Mv084PSZUSL96SXUe+YcLX7zJ+5mqOIn5TPkYWm53IGD1cN3bdGse/bRrM3xp+j6w==",
      "dependencies": {
        "@types/webxr": "^0.5.0",
        "wasm-feature-detect": "^1.3.0"
      }
    },
    "node_modules/@wonderlandengine/components": {
      "version": "1.1.4",
      "license": "MIT",
      "dependencies": {
        "@types/earcut": "^2.1.1",
        "@types/webxr": "^0.5.0",
        "earcut": "^2.2.4",
        "gl-matrix": "^3.3.0",
        "howler": "^2.2.1"
      },
      "peerDependencies": {
        "@wonderlandengine/api": "^1.1.0"
      }
    },
    "node_modules/earcut": {
      "version": "2.2.4",
      "license": "ISC"
    },
    "node_modules/gl-matrix": {
      "version": "3.4.3",
      "license": "MIT"
    },
    "node_modules/howler": {
      "version": "2.2.4",
      "license": "MIT"
    },
    "node_modules/wasm-feature-detect": {
      "version": "1.6.1",
      "license": "Apache-2.0"
    }
  }
}
