{
  "name": "wonderland-react-example",
  "version": "1.0.0",
  "lockfileVersion": 2,
  "requires": true,
  "packages": {
    "": {
      "name": "wonderland-react-example",
      "version": "1.0.0",
      "dependencies": {
        "@wonderlandengine/api": "^1.2.0",
        "@wonderlandengine/components": "^1.0.7",
        "gl-matrix": "^3.4.3"
      }
    },
    "node_modules/@types/earcut": {
      "version": "2.1.4",
      "resolved": "https://registry.npmjs.org/@types/earcut/-/earcut-2.1.4.tgz",
      "integrity": "sha512-qp3m9PPz4gULB9MhjGID7wpo3gJ4bTGXm7ltNDsmOvsPduTeHp8wSW9YckBj3mljeOh4F0m2z/0JKAALRKbmLQ==",
      "license": "MIT"
    },
    "node_modules/@types/webxr": {
      "version": "0.5.21",
      "resolved": "https://registry.npmjs.org/@types/webxr/-/webxr-0.5.21.tgz",
      "integrity": "sha512-geZIAtLzjGmgY2JUi6VxXdCrTb99A7yP49lxLr2Nm/uIK0PkkxcEi4OGhoGDO4pxCf3JwGz2GiJL2Ej4K2bKaA==",
      "license": "MIT"
    },
    "node_modules/@wonderlandengine/api": {
      "version": "1.3.1",
      "resolved": "https://registry.npmjs.org/@wonderlandengine/api/-/api-1.3.1.tgz",
      "integrity": "sha512-ci1Yq+5br42BeuwvjCQ23jU9G9W4wq7QjPlZCJzfWc/RIn6RPpLhDKwAbJZ1cM/IloK/tBjeefT3V6ywP+OYjA==",
      "license": "MIT",
      "dependencies": {
        "@types/webxr": "^0.5.0"
      }
    },
    "node_modules/@wonderlandengine/components": {
      "version": "1.2.1",
      "resolved": "https://registry.npmjs.org/@wonderlandengine/components/-/components-1.2.1.tgz",
      "integrity": "sha512-yhSJQK1kdY106mcZMYkfEwPi1qD73c4WlnCC88FhpnwEafVy96629LYO4pgL21svixX4o+yeHdzRGzKLVsIBng==",
      "license": "MIT",
      "dependencies": {
        "@types/earcut": "^2.1.1",
        "@types/webxr": "^0.5.21",
        "@wonderlandengine/spatial-audio": "^1.2.3",
        "earcut": "^2.2.4",
        "gl-matrix": "^3.3.0"
      },
      "peerDependencies": {
        "@wonderlandengine/api": "^1.1.0"
      }
    },
    "node_modules/@wonderlandengine/spatial-audio": {
      "version": "1.2.3",
      "resolved": "https://registry.npmjs.org/@wonderlandengine/spatial-audio/-/spatial-audio-1.2.3.tgz",
      "integrity": "sha512-rI1I/U4DN9MDJXhewBYoRBQCt4+b8pS2U64tVJf7lnxglUkfqNQwlMAFPCbNKVcSvVUCLwhQC4Nd5I4AnQjqbQ==",
      "license": "MIT",
      "peerDependencies": {
        "@wonderlandengine/api": "^1.0.0",
        "@wonderlandengine/components": "^1.0.6",
        "gl-matrix": "^3.4.3"
      }
    },
    "node_modules/earcut": {
      "version": "2.2.4",
      "resolved": "https://registry.npmjs.org/earcut/-/earcut-2.2.4.tgz",
      "integrity": "sha512-/pjZsA1b4RPHbeWZQn66SWS8nZZWLQQ23oE3Eam7aroEFGEvwKAsJfZ9ytiEMycfzXWpca4FA9QIOehf7PocBQ==",
      "license": "ISC"
    },
    "node_modules/gl-matrix": {
      "version": "3.4.3",
      "resolved": "https://registry.npmjs.org/gl-matrix/-/gl-matrix-3.4.3.tgz",
      "integrity": "sha512-wcCp8vu8FT22BnvKVPjXa/ICBWRq/zjFfdofZy1WSpQZpphblv12/bOQLBC1rMM7SGOFS9ltVmKOHil5+Ml7gA==",
      "license": "MIT"
    }
  },
  "dependencies": {
    "@types/earcut": {
      "version": "2.1.4",
      "resolved": "https://registry.npmjs.org/@types/earcut/-/earcut-2.1.4.tgz",
      "integrity": "sha512-qp3m9PPz4gULB9MhjGID7wpo3gJ4bTGXm7ltNDsmOvsPduTeHp8wSW9YckBj3mljeOh4F0m2z/0JKAALRKbmLQ=="
    },
    "@types/webxr": {
      "version": "0.5.21",
      "resolved": "https://registry.npmjs.org/@types/webxr/-/webxr-0.5.21.tgz",
      "integrity": "sha512-geZIAtLzjGmgY2JUi6VxXdCrTb99A7yP49lxLr2Nm/uIK0PkkxcEi4OGhoGDO4pxCf3JwGz2GiJL2Ej4K2bKaA=="
    },
    "@wonderlandengine/api": {
      "version": "1.3.1",
      "resolved": "https://registry.npmjs.org/@wonderlandengine/api/-/api-1.3.1.tgz",
      "integrity": "sha512-ci1Yq+5br42BeuwvjCQ23jU9G9W4wq7QjPlZCJzfWc/RIn6RPpLhDKwAbJZ1cM/IloK/tBjeefT3V6ywP+OYjA==",
      "requires": {
        "@types/webxr": "^0.5.0"
      }
    },
    "@wonderlandengine/components": {
      "version": "1.2.1",
      "resolved": "https://registry.npmjs.org/@wonderlandengine/components/-/components-1.2.1.tgz",
      "integrity": "sha512-yhSJQK1kdY106mcZMYkfEwPi1qD73c4WlnCC88FhpnwEafVy96629LYO4pgL21svixX4o+yeHdzRGzKLVsIBng==",
      "requires": {
        "@types/earcut": "^2.1.1",
        "@types/webxr": "^0.5.21",
        "@wonderlandengine/spatial-audio": "^1.2.3",
        "earcut": "^2.2.4",
        "gl-matrix": "^3.3.0"
      }
    },
    "@wonderlandengine/spatial-audio": {
      "version": "1.2.3",
      "resolved": "https://registry.npmjs.org/@wonderlandengine/spatial-audio/-/spatial-audio-1.2.3.tgz",
      "integrity": "sha512-rI1I/U4DN9MDJXhewBYoRBQCt4+b8pS2U64tVJf7lnxglUkfqNQwlMAFPCbNKVcSvVUCLwhQC4Nd5I4AnQjqbQ==",
      "requires": {}
    },
    "earcut": {
      "version": "2.2.4",
      "resolved": "https://registry.npmjs.org/earcut/-/earcut-2.2.4.tgz",
      "integrity": "sha512-/pjZsA1b4RPHbeWZQn66SWS8nZZWLQQ23oE3Eam7aroEFGEvwKAsJfZ9ytiEMycfzXWpca4FA9QIOehf7PocBQ=="
    },
    "gl-matrix": {
      "version": "3.4.3",
      "resolved": "https://registry.npmjs.org/gl-matrix/-/gl-matrix-3.4.3.tgz",
      "integrity": "sha512-wcCp8vu8FT22BnvKVPjXa/ICBWRq/zjFfdofZy1WSpQZpphblv12/bOQLBC1rMM7SGOFS9ltVmKOHil5+Ml7gA=="
    }
  }
}
